
Microsoft Visual Studio Solution File, Format Version 12.00
# Visual Studio 15
Project("{FAE04EC0-301F-11D3-BF4B-00C04F79EFBC}") = "HelloToggleColor.Android", "HelloToggleColor.Android\HelloToggleColor.Android.csproj", "{D5E467D7-5CA2-4EEA-A9BB-4AB760E9F43D}"
EndProject
Project("{FAE04EC0-301F-11D3-BF4B-00C04F79EFBC}") = "HelloToggleColor.iOS", "HelloToggleColor.iOS\HelloToggleColor.iOS.csproj", "{065823BD-CDF7-481B-B7F3-DE0391D236F1}"
EndProject
Project("{FAE04EC0-301F-11D3-BF4B-00C04F79EFBC}") = "HelloToggleColor", "HelloToggleColor\HelloToggleColor.csproj", "{FF45BBC8-9DBD-4283-B07E-3239C0F64A82}"
EndProject
Global
	GlobalSection(SolutionConfigurationPlatforms) = preSolution
		Debug|Any CPU = Debug|Any CPU
		Release|Any CPU = Release|Any CPU
		Debug|iPhoneSimulator = Debug|iPhoneSimulator
		Release|iPhoneSimulator = Release|iPhoneSimulator
		Debug|iPhone = Debug|iPhone
		Release|iPhone = Release|iPhone
	EndGlobalSection
	GlobalSection(ProjectConfigurationPlatforms) = postSolution
		{D5E467D7-5CA2-4EEA-A9BB-4AB760E9F43D}.Debug|Any CPU.ActiveCfg = Debug|Any CPU
		{D5E467D7-5CA2-4EEA-A9BB-4AB760E9F43D}.Debug|Any CPU.Build.0 = Debug|Any CPU
		{D5E467D7-5CA2-4EEA-A9BB-4AB760E9F43D}.Release|Any CPU.ActiveCfg = Release|Any CPU
		{D5E467D7-5CA2-4EEA-A9BB-4AB760E9F43D}.Release|Any CPU.Build.0 = Release|Any CPU
		{D5E467D7-5CA2-4EEA-A9BB-4AB760E9F43D}.Debug|iPhoneSimulator.ActiveCfg = Debug|Any CPU
		{D5E467D7-5CA2-4EEA-A9BB-4AB760E9F43D}.Debug|iPhoneSimulator.Build.0 = Debug|Any CPU
		{D5E467D7-5CA2-4EEA-A9BB-4AB760E9F43D}.Release|iPhoneSimulator.ActiveCfg = Release|Any CPU
		{D5E467D7-5CA2-4EEA-A9BB-4AB760E9F43D}.Release|iPhoneSimulator.Build.0 = Release|Any CPU
		{D5E467D7-5CA2-4EEA-A9BB-4AB760E9F43D}.Debug|iPhone.ActiveCfg = Debug|Any CPU
		{D5E467D7-5CA2-4EEA-A9BB-4AB760E9F43D}.Debug|iPhone.Build.0 = Debug|Any CPU
		{D5E467D7-5CA2-4EEA-A9BB-4AB760E9F43D}.Release|iPhone.ActiveCfg = Release|Any CPU
		{D5E467D7-5CA2-4EEA-A9BB-4AB760E9F43D}.Release|iPhone.Build.0 = Release|Any CPU
		{065823BD-CDF7-481B-B7F3-DE0391D236F1}.Debug|Any CPU.ActiveCfg = Debug|iPhoneSimulator
		{065823BD-CDF7-481B-B7F3-DE0391D236F1}.Debug|Any CPU.Build.0 = Debug|iPhoneSimulator
		{065823BD-CDF7-481B-B7F3-DE0391D236F1}.Release|Any CPU.ActiveCfg = Release|iPhoneSimulator
		{065823BD-CDF7-481B-B7F3-DE0391D236F1}.Release|Any CPU.Build.0 = Release|iPhoneSimulator
		{065823BD-CDF7-481B-B7F3-DE0391D236F1}.Debug|iPhoneSimulator.ActiveCfg = Debug|iPhoneSimulator
		{065823BD-CDF7-481B-B7F3-DE0391D236F1}.Debug|iPhoneSimulator.Build.0 = Debug|iPhoneSimulator
		{065823BD-CDF7-481B-B7F3-DE0391D236F1}.Release|iPhoneSimulator.ActiveCfg = Release|iPhoneSimulator
		{065823BD-CDF7-481B-B7F3-DE0391D236F1}.Release|iPhoneSimulator.Build.0 = Release|iPhoneSimulator
		{065823BD-CDF7-481B-B7F3-DE0391D236F1}.Debug|iPhone.ActiveCfg = Debug|iPhone
		{065823BD-CDF7-481B-B7F3-DE0391D236F1}.Debug|iPhone.Build.0 = Debug|iPhone
		{065823BD-CDF7-481B-B7F3-DE0391D236F1}.Release|iPhone.ActiveCfg = Release|iPhone
		{065823BD-CDF7-481B-B7F3-DE0391D236F1}.Release|iPhone.Build.0 = Release|iPhone
		{FF45BBC8-9DBD-4283-B07E-3239C0F64A82}.Debug|Any CPU.ActiveCfg = Debug|Any CPU
		{FF45BBC8-9DBD-4283-B07E-3239C0F64A82}.Debug|Any CPU.Build.0 = Debug|Any CPU
		{FF45BBC8-9DBD-4283-B07E-3239C0F64A82}.Release|Any CPU.ActiveCfg = Release|Any CPU
		{FF45BBC8-9DBD-4283-B07E-3239C0F64A82}.Release|Any CPU.Build.0 = Release|Any CPU
		{FF45BBC8-9DBD-4283-B07E-3239C0F64A82}.Debug|iPhoneSimulator.ActiveCfg = Debug|Any CPU
		{FF45BBC8-9DBD-4283-B07E-3239C0F64A82}.Debug|iPhoneSimulator.Build.0 = Debug|Any CPU
		{FF45BBC8-9DBD-4283-B07E-3239C0F64A82}.Release|iPhoneSimulator.ActiveCfg = Release|Any CPU
		{FF45BBC8-9DBD-4283-B07E-3239C0F64A82}.Release|iPhoneSimulator.Build.0 = Release|Any CPU
		{FF45BBC8-9DBD-4283-B07E-3239C0F64A82}.Debug|iPhone.ActiveCfg = Debug|Any CPU
		{FF45BBC8-9DBD-4283-B07E-3239C0F64A82}.Debug|iPhone.Build.0 = Debug|Any CPU
		{FF45BBC8-9DBD-4283-B07E-3239C0F64A82}.Release|iPhone.ActiveCfg = Release|Any CPU
		{FF45BBC8-9DBD-4283-B07E-3239C0F64A82}.Release|iPhone.Build.0 = Release|Any CPU
	EndGlobalSection
EndGlobal
